
Microsoft Visual Studio Solution File, Format Version 12.00
# Visual Studio Version 16
VisualStudioVersion = 16.0.28729.10
MinimumVisualStudioVersion = 10.0.40219.1
Project("{FAE04EC0-301F-11D3-BF4B-00C04F79EFBC}") = "Module 1", "Module 1\Module 1.csproj", "{F413A661-3551-4F96-AEC3-20B75C8C699F}"
EndProject
Global
	GlobalSection(SolutionConfigurationPlatforms) = preSolution
		Debug|Any CPU = Debug|Any CPU
		Release|Any CPU = Release|Any CPU
	EndGlobalSection
	GlobalSection(ProjectConfigurationPlatforms) = postSolution
		{F413A661-3551-4F96-AEC3-20B75C8C699F}.Debug|Any CPU.ActiveCfg = Debug|Any CPU
		{F413A661-3551-4F96-AEC3-20B75C8C699F}.Debug|Any CPU.Build.0 = Debug|Any CPU
		{F413A661-3551-4F96-AEC3-20B75C8C699F}.Release|Any CPU.ActiveCfg = Release|Any CPU
		{F413A661-3551-4F96-AEC3-20B75C8C699F}.Release|Any CPU.Build.0 = Release|Any CPU
	EndGlobalSection
	GlobalSection(SolutionProperties) = preSolution
		HideSolutionNode = FALSE
	EndGlobalSection
	GlobalSection(ExtensibilityGlobals) = postSolution
		SolutionGuid = {FFF38D9C-996B-4C94-A8FD-03C280B0275D}
	EndGlobalSection
EndGlobal
